# This file was autogenerated by Stack.
# You should not edit this file by hand.
# For more information, please see the documentation at:
#   https://docs.haskellstack.org/en/stable/lock_files

packages:
- completed:
    hackage: iso-deriving-0.0.8@sha256:5ca7c8b8f96aebeb732e0c890ab89cb7624a2e564d914aa2f6baa8720762f544,1584
    pantry-tree:
      size: 267
      sha256: 44dc9da250b318fd36418037f66bb4530c3330532f4ec59da6dfc3e1fa0720a0
  original:
    hackage: iso-deriving-0.0.8@sha256:5ca7c8b8f96aebeb732e0c890ab89cb7624a2e564d914aa2f6baa8720762f544,1584
snapshots:
- completed:
    size: 586110
    url: https://raw.githubusercontent.com/commercialhaskell/stackage-snapshots/master/lts/18/21.yaml
    sha256: ce4fb8d44f3c6c6032060a02e0ebb1bd29937c9a70101c1517b92a87d9515160
  original:
    url: https://raw.githubusercontent.com/commercialhaskell/stackage-snapshots/master/lts/18/21.yaml
